// !$*UTF8*$!
{
	archiveVersion = 1;
	classes = {
	};
	objectVersion = 55;
	objects = {

/* Begin PBXBuildFile section */
		2C38B6F05EB4F9EB90E110C9 /* Pods_IOS_Task.framework in Frameworks */ = {isa = PBXBuildFile; fileRef = 9855E78F74C7E7A1994A4418 /* Pods_IOS_Task.framework */; };
		3E488EAE2ADC851A00DB5251 /* HomeVc + Extensions.swift in Sources */ = {isa = PBXBuildFile; fileRef = 3E488EAD2ADC851A00DB5251 /* HomeVc + Extensions.swift */; };
		3E488EB42ADC8B1D00DB5251 /* Data+Extension.swift in Sources */ = {isa = PBXBuildFile; fileRef = 3E488EB32ADC8B1D00DB5251 /* Data+Extension.swift */; };
		3E488EB62ADC8B4900DB5251 /* UIViewController+Extension.swift in Sources */ = {isa = PBXBuildFile; fileRef = 3E488EB52ADC8B4900DB5251 /* UIViewController+Extension.swift */; };
		3F489F774A9BBE7FA4A2E082 /* Pods_IOS_Task_IOS_TaskUITests.framework in Frameworks */ = {isa = PBXBuildFile; fileRef = 091FA55DC543BAF03E53C8B0 /* Pods_IOS_Task_IOS_TaskUITests.framework */; };
		5DEB36482ADB24E20056CC6C /* CategoryItemCollectionCell.swift in Sources */ = {isa = PBXBuildFile; fileRef = 5DEB36462ADB24E20056CC6C /* CategoryItemCollectionCell.swift */; };
		5DEB36492ADB24E20056CC6C /* CategoryItemCollectionCell.xib in Resources */ = {isa = PBXBuildFile; fileRef = 5DEB36472ADB24E20056CC6C /* CategoryItemCollectionCell.xib */; };
		9FEB0F39359C9B0A547E9FBB /* Pods_IOS_TaskTests.framework in Frameworks */ = {isa = PBXBuildFile; fileRef = 8674573DE0F52613D9956083 /* Pods_IOS_TaskTests.framework */; };
		E91E57522ADACA6500314EA4 /* NewsItemTableViewCell.swift in Sources */ = {isa = PBXBuildFile; fileRef = E91E57502ADACA6500314EA4 /* NewsItemTableViewCell.swift */; };
		E91E57532ADACA6500314EA4 /* NewsItemTableViewCell.xib in Resources */ = {isa = PBXBuildFile; fileRef = E91E57512ADACA6500314EA4 /* NewsItemTableViewCell.xib */; };
		E91E575A2ADACBC900314EA4 /* Urbanist-Bold.ttf in Resources */ = {isa = PBXBuildFile; fileRef = E91E57552ADACBC900314EA4 /* Urbanist-Bold.ttf */; };
		E91E575B2ADACBC900314EA4 /* Urbanist-Regular.ttf in Resources */ = {isa = PBXBuildFile; fileRef = E91E57562ADACBC900314EA4 /* Urbanist-Regular.ttf */; };
		E91E575C2ADACBC900314EA4 /* Urbanist-SemiBold.ttf in Resources */ = {isa = PBXBuildFile; fileRef = E91E57572ADACBC900314EA4 /* Urbanist-SemiBold.ttf */; };
		E91E575D2ADACBC900314EA4 /* Urbanist-Light.ttf in Resources */ = {isa = PBXBuildFile; fileRef = E91E57582ADACBC900314EA4 /* Urbanist-Light.ttf */; };
		E91E575E2ADACBC900314EA4 /* Urbanist-Medium.ttf in Resources */ = {isa = PBXBuildFile; fileRef = E91E57592ADACBC900314EA4 /* Urbanist-Medium.ttf */; };
		E9CF120E2AD95E0200004F94 /* AppDelegate.swift in Sources */ = {isa = PBXBuildFile; fileRef = E9CF120D2AD95E0200004F94 /* AppDelegate.swift */; };
		E9CF12102AD95E0200004F94 /* SceneDelegate.swift in Sources */ = {isa = PBXBuildFile; fileRef = E9CF120F2AD95E0200004F94 /* SceneDelegate.swift */; };
		E9CF12122AD95E0200004F94 /* ViewController.swift in Sources */ = {isa = PBXBuildFile; fileRef = E9CF12112AD95E0200004F94 /* ViewController.swift */; };
		E9CF12152AD95E0200004F94 /* Main.storyboard in Resources */ = {isa = PBXBuildFile; fileRef = E9CF12132AD95E0200004F94 /* Main.storyboard */; };
		E9CF12172AD95E0300004F94 /* Assets.xcassets in Resources */ = {isa = PBXBuildFile; fileRef = E9CF12162AD95E0300004F94 /* Assets.xcassets */; };
		E9CF121A2AD95E0300004F94 /* LaunchScreen.storyboard in Resources */ = {isa = PBXBuildFile; fileRef = E9CF12182AD95E0300004F94 /* LaunchScreen.storyboard */; };
		E9CF12252AD95E0300004F94 /* IOS_TaskTests.swift in Sources */ = {isa = PBXBuildFile; fileRef = E9CF12242AD95E0300004F94 /* IOS_TaskTests.swift */; };
		E9CF122F2AD95E0300004F94 /* IOS_TaskUITests.swift in Sources */ = {isa = PBXBuildFile; fileRef = E9CF122E2AD95E0300004F94 /* IOS_TaskUITests.swift */; };
		E9CF12312AD95E0300004F94 /* IOS_TaskUITestsLaunchTests.swift in Sources */ = {isa = PBXBuildFile; fileRef = E9CF12302AD95E0300004F94 /* IOS_TaskUITestsLaunchTests.swift */; };
		E9CF12652AD95EFC00004F94 /* Constants.swift in Sources */ = {isa = PBXBuildFile; fileRef = E9CF123E2AD95EFC00004F94 /* Constants.swift */; };
		E9CF126C2AD95EFC00004F94 /* CircularProgressView.swift in Sources */ = {isa = PBXBuildFile; fileRef = E9CF12462AD95EFC00004F94 /* CircularProgressView.swift */; };
		E9CF126E2AD95EFC00004F94 /* UIApplication+Extension.swift in Sources */ = {isa = PBXBuildFile; fileRef = E9CF12492AD95EFC00004F94 /* UIApplication+Extension.swift */; };
		E9CF126F2AD95EFC00004F94 /* UIImageView+Extension.swift in Sources */ = {isa = PBXBuildFile; fileRef = E9CF124A2AD95EFC00004F94 /* UIImageView+Extension.swift */; };
		E9CF12712AD95EFC00004F94 /* UIColor+Extension.swift in Sources */ = {isa = PBXBuildFile; fileRef = E9CF124C2AD95EFC00004F94 /* UIColor+Extension.swift */; };
		E9CF12722AD95EFC00004F94 /* Date+Extension.swift in Sources */ = {isa = PBXBuildFile; fileRef = E9CF124D2AD95EFC00004F94 /* Date+Extension.swift */; };
		E9CF12732AD95EFC00004F94 /* UIView+Extension.swift in Sources */ = {isa = PBXBuildFile; fileRef = E9CF124E2AD95EFC00004F94 /* UIView+Extension.swift */; };
		E9CF12752AD95EFC00004F94 /* URL+Extension.swift in Sources */ = {isa = PBXBuildFile; fileRef = E9CF12502AD95EFC00004F94 /* URL+Extension.swift */; };
		E9CF12772AD95EFC00004F94 /* String+Extension.swift in Sources */ = {isa = PBXBuildFile; fileRef = E9CF12522AD95EFC00004F94 /* String+Extension.swift */; };
		E9CF12792AD95EFC00004F94 /* PaddingLabel.swift in Sources */ = {isa = PBXBuildFile; fileRef = E9CF12542AD95EFC00004F94 /* PaddingLabel.swift */; };
		E9CF127A2AD95EFC00004F94 /* UISegmentedControl+Extension.swift in Sources */ = {isa = PBXBuildFile; fileRef = E9CF12552AD95EFC00004F94 /* UISegmentedControl+Extension.swift */; };
		E9CF127F2AD95EFC00004F94 /* UIImageExtension.swift in Sources */ = {isa = PBXBuildFile; fileRef = E9CF125A2AD95EFC00004F94 /* UIImageExtension.swift */; };
		E9CF12812AD95EFC00004F94 /* CollectionViewExtension.swift in Sources */ = {isa = PBXBuildFile; fileRef = E9CF125C2AD95EFC00004F94 /* CollectionViewExtension.swift */; };
		E9CF12852AD95EFC00004F94 /* Utility.swift in Sources */ = {isa = PBXBuildFile; fileRef = E9CF12602AD95EFC00004F94 /* Utility.swift */; };
		E9CF12862AD95EFC00004F94 /* SnackView.swift in Sources */ = {isa = PBXBuildFile; fileRef = E9CF12612AD95EFC00004F94 /* SnackView.swift */; };
		E9CF12872AD95EFC00004F94 /* Colors.swift in Sources */ = {isa = PBXBuildFile; fileRef = E9CF12622AD95EFC00004F94 /* Colors.swift */; };
		E9CF12982AD95F0400004F94 /* EndPoints.swift in Sources */ = {isa = PBXBuildFile; fileRef = E9CF128B2AD95F0400004F94 /* EndPoints.swift */; };
		E9CF129A2AD95F0400004F94 /* Environment.swift in Sources */ = {isa = PBXBuildFile; fileRef = E9CF128D2AD95F0400004F94 /* Environment.swift */; };
		E9CF129B2AD95F0400004F94 /* BaseUrl.swift in Sources */ = {isa = PBXBuildFile; fileRef = E9CF128E2AD95F0400004F94 /* BaseUrl.swift */; };
		E9CF129C2AD95F0400004F94 /* WebService.swift in Sources */ = {isa = PBXBuildFile; fileRef = E9CF128F2AD95F0400004F94 /* WebService.swift */; };
		E9CF12A32AD95F0400004F94 /* NewsAPI.swift in Sources */ = {isa = PBXBuildFile; fileRef = E9CF12972AD95F0400004F94 /* NewsAPI.swift */; };
		E9CF12A62AD9648400004F94 /* NewsResponse.swift in Sources */ = {isa = PBXBuildFile; fileRef = E9CF12A52AD9648400004F94 /* NewsResponse.swift */; };
		E9CF12AA2AD9651800004F94 /* HomeViewController.swift in Sources */ = {isa = PBXBuildFile; fileRef = E9CF12A92AD9651800004F94 /* HomeViewController.swift */; };
		E9CF12AC2AD9654400004F94 /* DetailsViewController.swift in Sources */ = {isa = PBXBuildFile; fileRef = E9CF12AB2AD9654400004F94 /* DetailsViewController.swift */; };
		E9CF12AE2AD9658400004F94 /* HomeViewModel.swift in Sources */ = {isa = PBXBuildFile; fileRef = E9CF12AD2AD9658400004F94 /* HomeViewModel.swift */; };
		E9CF12B02AD9677E00004F94 /* Colors.xcassets in Resources */ = {isa = PBXBuildFile; fileRef = E9CF12AF2AD9677E00004F94 /* Colors.xcassets */; };
/* End PBXBuildFile section */

/* Begin PBXContainerItemProxy section */
		E9CF12212AD95E0300004F94 /* PBXContainerItemProxy */ = {
			isa = PBXContainerItemProxy;
			containerPortal = E9CF12022AD95E0200004F94 /* Project object */;
			proxyType = 1;
			remoteGlobalIDString = E9CF12092AD95E0200004F94;
			remoteInfo = "IOS Task";
		};
		E9CF122B2AD95E0300004F94 /* PBXContainerItemProxy */ = {
			isa = PBXContainerItemProxy;
			containerPortal = E9CF12022AD95E0200004F94 /* Project object */;
			proxyType = 1;
			remoteGlobalIDString = E9CF12092AD95E0200004F94;
			remoteInfo = "IOS Task";
		};
/* End PBXContainerItemProxy section */

/* Begin PBXFileReference section */
		03A292972383B65873E3FB8E /* Pods-IOS Task.release.xcconfig */ = {isa = PBXFileReference; includeInIndex = 1; lastKnownFileType = text.xcconfig; name = "Pods-IOS Task.release.xcconfig"; path = "Target Support Files/Pods-IOS Task/Pods-IOS Task.release.xcconfig"; sourceTree = "<group>"; };
		091FA55DC543BAF03E53C8B0 /* Pods_IOS_Task_IOS_TaskUITests.framework */ = {isa = PBXFileReference; explicitFileType = wrapper.framework; includeInIndex = 0; path = Pods_IOS_Task_IOS_TaskUITests.framework; sourceTree = BUILT_PRODUCTS_DIR; };
		0EC7A9277828B061B179A47E /* Pods-IOS TaskTests.debug.xcconfig */ = {isa = PBXFileReference; includeInIndex = 1; lastKnownFileType = text.xcconfig; name = "Pods-IOS TaskTests.debug.xcconfig"; path = "Target Support Files/Pods-IOS TaskTests/Pods-IOS TaskTests.debug.xcconfig"; sourceTree = "<group>"; };
		25C46CC389AC93FDF4BD906A /* Pods-IOS Task.debug.xcconfig */ = {isa = PBXFileReference; includeInIndex = 1; lastKnownFileType = text.xcconfig; name = "Pods-IOS Task.debug.xcconfig"; path = "Target Support Files/Pods-IOS Task/Pods-IOS Task.debug.xcconfig"; sourceTree = "<group>"; };
		32A9B807285B328F7F9A87C7 /* Pods-IOS Task-IOS TaskUITests.release.xcconfig */ = {isa = PBXFileReference; includeInIndex = 1; lastKnownFileType = text.xcconfig; name = "Pods-IOS Task-IOS TaskUITests.release.xcconfig"; path = "Target Support Files/Pods-IOS Task-IOS TaskUITests/Pods-IOS Task-IOS TaskUITests.release.xcconfig"; sourceTree = "<group>"; };
		3E488EAD2ADC851A00DB5251 /* HomeVc + Extensions.swift */ = {isa = PBXFileReference; lastKnownFileType = sourcecode.swift; path = "HomeVc + Extensions.swift"; sourceTree = "<group>"; };
		3E488EB32ADC8B1D00DB5251 /* Data+Extension.swift */ = {isa = PBXFileReference; fileEncoding = 4; lastKnownFileType = sourcecode.swift; name = "Data+Extension.swift"; path = "../../../../../.Trash/Data+Extension.swift"; sourceTree = "<group>"; };
		3E488EB52ADC8B4900DB5251 /* UIViewController+Extension.swift */ = {isa = PBXFileReference; fileEncoding = 4; lastKnownFileType = sourcecode.swift; name = "UIViewController+Extension.swift"; path = "../../../../../.Trash/UIViewController+Extension.swift"; sourceTree = "<group>"; };
		5DEB36462ADB24E20056CC6C /* CategoryItemCollectionCell.swift */ = {isa = PBXFileReference; lastKnownFileType = sourcecode.swift; path = CategoryItemCollectionCell.swift; sourceTree = "<group>"; };
		5DEB36472ADB24E20056CC6C /* CategoryItemCollectionCell.xib */ = {isa = PBXFileReference; lastKnownFileType = file.xib; path = CategoryItemCollectionCell.xib; sourceTree = "<group>"; };
		771CBD947AE097E3738F3E62 /* Pods-IOS TaskTests.release.xcconfig */ = {isa = PBXFileReference; includeInIndex = 1; lastKnownFileType = text.xcconfig; name = "Pods-IOS TaskTests.release.xcconfig"; path = "Target Support Files/Pods-IOS TaskTests/Pods-IOS TaskTests.release.xcconfig"; sourceTree = "<group>"; };
		8674573DE0F52613D9956083 /* Pods_IOS_TaskTests.framework */ = {isa = PBXFileReference; explicitFileType = wrapper.framework; includeInIndex = 0; path = Pods_IOS_TaskTests.framework; sourceTree = BUILT_PRODUCTS_DIR; };
		9855E78F74C7E7A1994A4418 /* Pods_IOS_Task.framework */ = {isa = PBXFileReference; explicitFileType = wrapper.framework; includeInIndex = 0; path = Pods_IOS_Task.framework; sourceTree = BUILT_PRODUCTS_DIR; };
		D017E3CEB3F69D54601293C1 /* Pods-IOS Task-IOS TaskUITests.debug.xcconfig */ = {isa = PBXFileReference; includeInIndex = 1; lastKnownFileType = text.xcconfig; name = "Pods-IOS Task-IOS TaskUITests.debug.xcconfig"; path = "Target Support Files/Pods-IOS Task-IOS TaskUITests/Pods-IOS Task-IOS TaskUITests.debug.xcconfig"; sourceTree = "<group>"; };
		E91E57502ADACA6500314EA4 /* NewsItemTableViewCell.swift */ = {isa = PBXFileReference; lastKnownFileType = sourcecode.swift; path = NewsItemTableViewCell.swift; sourceTree = "<group>"; };
		E91E57512ADACA6500314EA4 /* NewsItemTableViewCell.xib */ = {isa = PBXFileReference; lastKnownFileType = file.xib; path = NewsItemTableViewCell.xib; sourceTree = "<group>"; };
		E91E57552ADACBC900314EA4 /* Urbanist-Bold.ttf */ = {isa = PBXFileReference; lastKnownFileType = file; path = "Urbanist-Bold.ttf"; sourceTree = "<group>"; };
		E91E57562ADACBC900314EA4 /* Urbanist-Regular.ttf */ = {isa = PBXFileReference; lastKnownFileType = file; path = "Urbanist-Regular.ttf"; sourceTree = "<group>"; };
		E91E57572ADACBC900314EA4 /* Urbanist-SemiBold.ttf */ = {isa = PBXFileReference; lastKnownFileType = file; path = "Urbanist-SemiBold.ttf"; sourceTree = "<group>"; };
		E91E57582ADACBC900314EA4 /* Urbanist-Light.ttf */ = {isa = PBXFileReference; lastKnownFileType = file; path = "Urbanist-Light.ttf"; sourceTree = "<group>"; };
		E91E57592ADACBC900314EA4 /* Urbanist-Medium.ttf */ = {isa = PBXFileReference; lastKnownFileType = file; path = "Urbanist-Medium.ttf"; sourceTree = "<group>"; };
		E9CF120A2AD95E0200004F94 /* IOS Task.app */ = {isa = PBXFileReference; explicitFileType = wrapper.application; includeInIndex = 0; path = "IOS Task.app"; sourceTree = BUILT_PRODUCTS_DIR; };
		E9CF120D2AD95E0200004F94 /* AppDelegate.swift */ = {isa = PBXFileReference; lastKnownFileType = sourcecode.swift; path = AppDelegate.swift; sourceTree = "<group>"; };
		E9CF120F2AD95E0200004F94 /* SceneDelegate.swift */ = {isa = PBXFileReference; lastKnownFileType = sourcecode.swift; path = SceneDelegate.swift; sourceTree = "<group>"; };
		E9CF12112AD95E0200004F94 /* ViewController.swift */ = {isa = PBXFileReference; lastKnownFileType = sourcecode.swift; path = ViewController.swift; sourceTree = "<group>"; };
		E9CF12142AD95E0200004F94 /* Base */ = {isa = PBXFileReference; lastKnownFileType = file.storyboard; name = Base; path = Base.lproj/Main.storyboard; sourceTree = "<group>"; };
		E9CF12162AD95E0300004F94 /* Assets.xcassets */ = {isa = PBXFileReference; lastKnownFileType = folder.assetcatalog; path = Assets.xcassets; sourceTree = "<group>"; };
		E9CF12192AD95E0300004F94 /* Base */ = {isa = PBXFileReference; lastKnownFileType = file.storyboard; name = Base; path = Base.lproj/LaunchScreen.storyboard; sourceTree = "<group>"; };
		E9CF121B2AD95E0300004F94 /* Info.plist */ = {isa = PBXFileReference; lastKnownFileType = text.plist.xml; path = Info.plist; sourceTree = "<group>"; };
		E9CF12202AD95E0300004F94 /* IOS TaskTests.xctest */ = {isa = PBXFileReference; explicitFileType = wrapper.cfbundle; includeInIndex = 0; path = "IOS TaskTests.xctest"; sourceTree = BUILT_PRODUCTS_DIR; };
		E9CF12242AD95E0300004F94 /* IOS_TaskTests.swift */ = {isa = PBXFileReference; lastKnownFileType = sourcecode.swift; path = IOS_TaskTests.swift; sourceTree = "<group>"; };
		E9CF122A2AD95E0300004F94 /* IOS TaskUITests.xctest */ = {isa = PBXFileReference; explicitFileType = wrapper.cfbundle; includeInIndex = 0; path = "IOS TaskUITests.xctest"; sourceTree = BUILT_PRODUCTS_DIR; };
		E9CF122E2AD95E0300004F94 /* IOS_TaskUITests.swift */ = {isa = PBXFileReference; lastKnownFileType = sourcecode.swift; path = IOS_TaskUITests.swift; sourceTree = "<group>"; };
		E9CF12302AD95E0300004F94 /* IOS_TaskUITestsLaunchTests.swift */ = {isa = PBXFileReference; lastKnownFileType = sourcecode.swift; path = IOS_TaskUITestsLaunchTests.swift; sourceTree = "<group>"; };
		E9CF123E2AD95EFC00004F94 /* Constants.swift */ = {isa = PBXFileReference; fileEncoding = 4; lastKnownFileType = sourcecode.swift; path = Constants.swift; sourceTree = "<group>"; };
		E9CF12462AD95EFC00004F94 /* CircularProgressView.swift */ = {isa = PBXFileReference; fileEncoding = 4; lastKnownFileType = sourcecode.swift; path = CircularProgressView.swift; sourceTree = "<group>"; };
		E9CF12492AD95EFC00004F94 /* UIApplication+Extension.swift */ = {isa = PBXFileReference; fileEncoding = 4; lastKnownFileType = sourcecode.swift; path = "UIApplication+Extension.swift"; sourceTree = "<group>"; };
		E9CF124A2AD95EFC00004F94 /* UIImageView+Extension.swift */ = {isa = PBXFileReference; fileEncoding = 4; lastKnownFileType = sourcecode.swift; path = "UIImageView+Extension.swift"; sourceTree = "<group>"; };
		E9CF124C2AD95EFC00004F94 /* UIColor+Extension.swift */ = {isa = PBXFileReference; fileEncoding = 4; lastKnownFileType = sourcecode.swift; path = "UIColor+Extension.swift"; sourceTree = "<group>"; };
		E9CF124D2AD95EFC00004F94 /* Date+Extension.swift */ = {isa = PBXFileReference; fileEncoding = 4; lastKnownFileType = sourcecode.swift; path = "Date+Extension.swift"; sourceTree = "<group>"; };
		E9CF124E2AD95EFC00004F94 /* UIView+Extension.swift */ = {isa = PBXFileReference; fileEncoding = 4; lastKnownFileType = sourcecode.swift; path = "UIView+Extension.swift"; sourceTree = "<group>"; };
		E9CF12502AD95EFC00004F94 /* URL+Extension.swift */ = {isa = PBXFileReference; fileEncoding = 4; lastKnownFileType = sourcecode.swift; path = "URL+Extension.swift"; sourceTree = "<group>"; };
		E9CF12522AD95EFC00004F94 /* String+Extension.swift */ = {isa = PBXFileReference; fileEncoding = 4; lastKnownFileType = sourcecode.swift; path = "String+Extension.swift"; sourceTree = "<group>"; };
		E9CF12542AD95EFC00004F94 /* PaddingLabel.swift */ = {isa = PBXFileReference; fileEncoding = 4; lastKnownFileType = sourcecode.swift; path = PaddingLabel.swift; sourceTree = "<group>"; };
		E9CF12552AD95EFC00004F94 /* UISegmentedControl+Extension.swift */ = {isa = PBXFileReference; fileEncoding = 4; lastKnownFileType = sourcecode.swift; path = "UISegmentedControl+Extension.swift"; sourceTree = "<group>"; };
		E9CF125A2AD95EFC00004F94 /* UIImageExtension.swift */ = {isa = PBXFileReference; fileEncoding = 4; lastKnownFileType = sourcecode.swift; path = UIImageExtension.swift; sourceTree = "<group>"; };
		E9CF125C2AD95EFC00004F94 /* CollectionViewExtension.swift */ = {isa = PBXFileReference; fileEncoding = 4; lastKnownFileType = sourcecode.swift; path = CollectionViewExtension.swift; sourceTree = "<group>"; };
		E9CF12602AD95EFC00004F94 /* Utility.swift */ = {isa = PBXFileReference; fileEncoding = 4; lastKnownFileType = sourcecode.swift; path = Utility.swift; sourceTree = "<group>"; };
		E9CF12612AD95EFC00004F94 /* SnackView.swift */ = {isa = PBXFileReference; fileEncoding = 4; lastKnownFileType = sourcecode.swift; path = SnackView.swift; sourceTree = "<group>"; };
		E9CF12622AD95EFC00004F94 /* Colors.swift */ = {isa = PBXFileReference; fileEncoding = 4; lastKnownFileType = sourcecode.swift; path = Colors.swift; sourceTree = "<group>"; };
		E9CF128B2AD95F0400004F94 /* EndPoints.swift */ = {isa = PBXFileReference; fileEncoding = 4; lastKnownFileType = sourcecode.swift; path = EndPoints.swift; sourceTree = "<group>"; };
		E9CF128D2AD95F0400004F94 /* Environment.swift */ = {isa = PBXFileReference; fileEncoding = 4; lastKnownFileType = sourcecode.swift; path = Environment.swift; sourceTree = "<group>"; };
		E9CF128E2AD95F0400004F94 /* BaseUrl.swift */ = {isa = PBXFileReference; fileEncoding = 4; lastKnownFileType = sourcecode.swift; path = BaseUrl.swift; sourceTree = "<group>"; };
		E9CF128F2AD95F0400004F94 /* WebService.swift */ = {isa = PBXFileReference; fileEncoding = 4; lastKnownFileType = sourcecode.swift; path = WebService.swift; sourceTree = "<group>"; };
		E9CF12972AD95F0400004F94 /* NewsAPI.swift */ = {isa = PBXFileReference; fileEncoding = 4; lastKnownFileType = sourcecode.swift; path = NewsAPI.swift; sourceTree = "<group>"; };
		E9CF12A52AD9648400004F94 /* NewsResponse.swift */ = {isa = PBXFileReference; lastKnownFileType = sourcecode.swift; path = NewsResponse.swift; sourceTree = "<group>"; };
		E9CF12A92AD9651800004F94 /* HomeViewController.swift */ = {isa = PBXFileReference; lastKnownFileType = sourcecode.swift; path = HomeViewController.swift; sourceTree = "<group>"; };
		E9CF12AB2AD9654400004F94 /* DetailsViewController.swift */ = {isa = PBXFileReference; lastKnownFileType = sourcecode.swift; path = DetailsViewController.swift; sourceTree = "<group>"; };
		E9CF12AD2AD9658400004F94 /* HomeViewModel.swift */ = {isa = PBXFileReference; lastKnownFileType = sourcecode.swift; path = HomeViewModel.swift; sourceTree = "<group>"; };
		E9CF12AF2AD9677E00004F94 /* Colors.xcassets */ = {isa = PBXFileReference; lastKnownFileType = folder.assetcatalog; path = Colors.xcassets; sourceTree = "<group>"; };
/* End PBXFileReference section */

/* Begin PBXFrameworksBuildPhase section */
		E9CF12072AD95E0200004F94 /* Frameworks */ = {
			isa = PBXFrameworksBuildPhase;
			buildActionMask = 2147483647;
			files = (
				2C38B6F05EB4F9EB90E110C9 /* Pods_IOS_Task.framework in Frameworks */,
			);
			runOnlyForDeploymentPostprocessing = 0;
		};
		E9CF121D2AD95E0300004F94 /* Frameworks */ = {
			isa = PBXFrameworksBuildPhase;
			buildActionMask = 2147483647;
			files = (
				9FEB0F39359C9B0A547E9FBB /* Pods_IOS_TaskTests.framework in Frameworks */,
			);
			runOnlyForDeploymentPostprocessing = 0;
		};
		E9CF12272AD95E0300004F94 /* Frameworks */ = {
			isa = PBXFrameworksBuildPhase;
			buildActionMask = 2147483647;
			files = (
				3F489F774A9BBE7FA4A2E082 /* Pods_IOS_Task_IOS_TaskUITests.framework in Frameworks */,
			);
			runOnlyForDeploymentPostprocessing = 0;
		};
/* End PBXFrameworksBuildPhase section */

/* Begin PBXGroup section */
		4DC64D94AE61965D09721F2E /* Pods */ = {
			isa = PBXGroup;
			children = (
				25C46CC389AC93FDF4BD906A /* Pods-IOS Task.debug.xcconfig */,
				03A292972383B65873E3FB8E /* Pods-IOS Task.release.xcconfig */,
				D017E3CEB3F69D54601293C1 /* Pods-IOS Task-IOS TaskUITests.debug.xcconfig */,
				32A9B807285B328F7F9A87C7 /* Pods-IOS Task-IOS TaskUITests.release.xcconfig */,
				0EC7A9277828B061B179A47E /* Pods-IOS TaskTests.debug.xcconfig */,
				771CBD947AE097E3738F3E62 /* Pods-IOS TaskTests.release.xcconfig */,
			);
			path = Pods;
			sourceTree = "<group>";
		};
		5DEB36452ADB24A50056CC6C /* collectionViewCells */ = {
			isa = PBXGroup;
			children = (
				5DEB36462ADB24E20056CC6C /* CategoryItemCollectionCell.swift */,
				5DEB36472ADB24E20056CC6C /* CategoryItemCollectionCell.xib */,
			);
			path = collectionViewCells;
			sourceTree = "<group>";
		};
		E91E574E2ADACA3A00314EA4 /* cells */ = {
			isa = PBXGroup;
			children = (
				5DEB36452ADB24A50056CC6C /* collectionViewCells */,
				E91E574F2ADACA4200314EA4 /* tableViewCells */,
			);
			path = cells;
			sourceTree = "<group>";
		};
		E91E574F2ADACA4200314EA4 /* tableViewCells */ = {
			isa = PBXGroup;
			children = (
				E91E57502ADACA6500314EA4 /* NewsItemTableViewCell.swift */,
				E91E57512ADACA6500314EA4 /* NewsItemTableViewCell.xib */,
			);
			path = tableViewCells;
			sourceTree = "<group>";
		};
		E91E57542ADACBC900314EA4 /* Fonts */ = {
			isa = PBXGroup;
			children = (
				E91E57552ADACBC900314EA4 /* Urbanist-Bold.ttf */,
				E91E57562ADACBC900314EA4 /* Urbanist-Regular.ttf */,
				E91E57572ADACBC900314EA4 /* Urbanist-SemiBold.ttf */,
				E91E57582ADACBC900314EA4 /* Urbanist-Light.ttf */,
				E91E57592ADACBC900314EA4 /* Urbanist-Medium.ttf */,
			);
			path = Fonts;
			sourceTree = "<group>";
		};
		E9CF12012AD95E0200004F94 = {
			isa = PBXGroup;
			children = (
				E9CF120C2AD95E0200004F94 /* IOS Task */,
				E9CF12232AD95E0300004F94 /* IOS TaskTests */,
				E9CF122D2AD95E0300004F94 /* IOS TaskUITests */,
				E9CF120B2AD95E0200004F94 /* Products */,
				4DC64D94AE61965D09721F2E /* Pods */,
				FC5CB58734C18E6A917326F6 /* Frameworks */,
			);
			sourceTree = "<group>";
		};
		E9CF120B2AD95E0200004F94 /* Products */ = {
			isa = PBXGroup;
			children = (
				E9CF120A2AD95E0200004F94 /* IOS Task.app */,
				E9CF12202AD95E0300004F94 /* IOS TaskTests.xctest */,
				E9CF122A2AD95E0300004F94 /* IOS TaskUITests.xctest */,
			);
			name = Products;
			sourceTree = "<group>";
		};
		E9CF120C2AD95E0200004F94 /* IOS Task */ = {
			isa = PBXGroup;
			children = (
				E91E57542ADACBC900314EA4 /* Fonts */,
				E91E574E2ADACA3A00314EA4 /* cells */,
				E9CF12A82AD964F800004F94 /* ViewModels */,
				E9CF12A72AD964EC00004F94 /* Controllers */,
				E9CF12A42AD9647500004F94 /* models */,
				E9CF128A2AD95F0400004F94 /* API Manager */,
				E9CF123D2AD95EFC00004F94 /* Utilities */,
				E9CF120D2AD95E0200004F94 /* AppDelegate.swift */,
				E9CF120F2AD95E0200004F94 /* SceneDelegate.swift */,
				E9CF12112AD95E0200004F94 /* ViewController.swift */,
				E9CF12132AD95E0200004F94 /* Main.storyboard */,
				E9CF12182AD95E0300004F94 /* LaunchScreen.storyboard */,
				E9CF12162AD95E0300004F94 /* Assets.xcassets */,
				E9CF12AF2AD9677E00004F94 /* Colors.xcassets */,
				E9CF121B2AD95E0300004F94 /* Info.plist */,
			);
			path = "IOS Task";
			sourceTree = "<group>";
		};
		E9CF12232AD95E0300004F94 /* IOS TaskTests */ = {
			isa = PBXGroup;
			children = (
				E9CF12242AD95E0300004F94 /* IOS_TaskTests.swift */,
			);
			path = "IOS TaskTests";
			sourceTree = "<group>";
		};
		E9CF122D2AD95E0300004F94 /* IOS TaskUITests */ = {
			isa = PBXGroup;
			children = (
				E9CF122E2AD95E0300004F94 /* IOS_TaskUITests.swift */,
				E9CF12302AD95E0300004F94 /* IOS_TaskUITestsLaunchTests.swift */,
			);
			path = "IOS TaskUITests";
			sourceTree = "<group>";
		};
		E9CF123D2AD95EFC00004F94 /* Utilities */ = {
			isa = PBXGroup;
			children = (
				E9CF123E2AD95EFC00004F94 /* Constants.swift */,
				E9CF12462AD95EFC00004F94 /* CircularProgressView.swift */,
				E9CF12482AD95EFC00004F94 /* Extensions */,
				E9CF12602AD95EFC00004F94 /* Utility.swift */,
				E9CF12612AD95EFC00004F94 /* SnackView.swift */,
				E9CF12622AD95EFC00004F94 /* Colors.swift */,
			);
			path = Utilities;
			sourceTree = "<group>";
		};
		E9CF12482AD95EFC00004F94 /* Extensions */ = {
			isa = PBXGroup;
			children = (
				3E488EB52ADC8B4900DB5251 /* UIViewController+Extension.swift */,
				3E488EB32ADC8B1D00DB5251 /* Data+Extension.swift */,
				E9CF12492AD95EFC00004F94 /* UIApplication+Extension.swift */,
				E9CF124A2AD95EFC00004F94 /* UIImageView+Extension.swift */,
				E9CF124C2AD95EFC00004F94 /* UIColor+Extension.swift */,
				E9CF124D2AD95EFC00004F94 /* Date+Extension.swift */,
				E9CF124E2AD95EFC00004F94 /* UIView+Extension.swift */,
				E9CF12502AD95EFC00004F94 /* URL+Extension.swift */,
				E9CF12522AD95EFC00004F94 /* String+Extension.swift */,
				E9CF12542AD95EFC00004F94 /* PaddingLabel.swift */,
				E9CF12552AD95EFC00004F94 /* UISegmentedControl+Extension.swift */,
				E9CF125A2AD95EFC00004F94 /* UIImageExtension.swift */,
				E9CF125C2AD95EFC00004F94 /* CollectionViewExtension.swift */,
			);
			path = Extensions;
			sourceTree = "<group>";
		};
		E9CF128A2AD95F0400004F94 /* API Manager */ = {
			isa = PBXGroup;
			children = (
				E9CF128B2AD95F0400004F94 /* EndPoints.swift */,
				E9CF128D2AD95F0400004F94 /* Environment.swift */,
				E9CF128E2AD95F0400004F94 /* BaseUrl.swift */,
				E9CF128F2AD95F0400004F94 /* WebService.swift */,
				E9CF12902AD95F0400004F94 /* API */,
			);
			path = "API Manager";
			sourceTree = "<group>";
		};
		E9CF12902AD95F0400004F94 /* API */ = {
			isa = PBXGroup;
			children = (
				E9CF12972AD95F0400004F94 /* NewsAPI.swift */,
			);
			path = API;
			sourceTree = "<group>";
		};
		E9CF12A42AD9647500004F94 /* models */ = {
			isa = PBXGroup;
			children = (
				E9CF12A52AD9648400004F94 /* NewsResponse.swift */,
			);
			path = models;
			sourceTree = "<group>";
		};
		E9CF12A72AD964EC00004F94 /* Controllers */ = {
			isa = PBXGroup;
			children = (
				E9CF12A92AD9651800004F94 /* HomeViewController.swift */,
				E9CF12AB2AD9654400004F94 /* DetailsViewController.swift */,
				3E488EAD2ADC851A00DB5251 /* HomeVc + Extensions.swift */,
			);
			path = Controllers;
			sourceTree = "<group>";
		};
		E9CF12A82AD964F800004F94 /* ViewModels */ = {
			isa = PBXGroup;
			children = (
				E9CF12AD2AD9658400004F94 /* HomeViewModel.swift */,
			);
			path = ViewModels;
			sourceTree = "<group>";
		};
		FC5CB58734C18E6A917326F6 /* Frameworks */ = {
			isa = PBXGroup;
			children = (
				9855E78F74C7E7A1994A4418 /* Pods_IOS_Task.framework */,
				091FA55DC543BAF03E53C8B0 /* Pods_IOS_Task_IOS_TaskUITests.framework */,
				8674573DE0F52613D9956083 /* Pods_IOS_TaskTests.framework */,
			);
			name = Frameworks;
			sourceTree = "<group>";
		};
/* End PBXGroup section */

/* Begin PBXNativeTarget section */
		E9CF12092AD95E0200004F94 /* IOS Task */ = {
			isa = PBXNativeTarget;
			buildConfigurationList = E9CF12342AD95E0300004F94 /* Build configuration list for PBXNativeTarget "IOS Task" */;
			buildPhases = (
				447A30547C0C547967EC19D9 /* [CP] Check Pods Manifest.lock */,
				E9CF12062AD95E0200004F94 /* Sources */,
				E9CF12072AD95E0200004F94 /* Frameworks */,
				E9CF12082AD95E0200004F94 /* Resources */,
				DABBB2553B98C076F31035F9 /* [CP] Embed Pods Frameworks */,
			);
			buildRules = (
			);
			dependencies = (
			);
			name = "IOS Task";
			productName = "IOS Task";
			productReference = E9CF120A2AD95E0200004F94 /* IOS Task.app */;
			productType = "com.apple.product-type.application";
		};
		E9CF121F2AD95E0300004F94 /* IOS TaskTests */ = {
			isa = PBXNativeTarget;
			buildConfigurationList = E9CF12372AD95E0300004F94 /* Build configuration list for PBXNativeTarget "IOS TaskTests" */;
			buildPhases = (
				7F3D31624FE92DD2B09276F1 /* [CP] Check Pods Manifest.lock */,
				E9CF121C2AD95E0300004F94 /* Sources */,
				E9CF121D2AD95E0300004F94 /* Frameworks */,
				E9CF121E2AD95E0300004F94 /* Resources */,
			);
			buildRules = (
			);
			dependencies = (
				E9CF12222AD95E0300004F94 /* PBXTargetDependency */,
			);
			name = "IOS TaskTests";
			productName = "IOS TaskTests";
			productReference = E9CF12202AD95E0300004F94 /* IOS TaskTests.xctest */;
			productType = "com.apple.product-type.bundle.unit-test";
		};
		E9CF12292AD95E0300004F94 /* IOS TaskUITests */ = {
			isa = PBXNativeTarget;
			buildConfigurationList = E9CF123A2AD95E0300004F94 /* Build configuration list for PBXNativeTarget "IOS TaskUITests" */;
			buildPhases = (
				7B1914AECB081EE11B29F191 /* [CP] Check Pods Manifest.lock */,
				E9CF12262AD95E0300004F94 /* Sources */,
				E9CF12272AD95E0300004F94 /* Frameworks */,
				E9CF12282AD95E0300004F94 /* Resources */,
				3F0FEA13EF3BD7BC0B9FA281 /* [CP] Embed Pods Frameworks */,
			);
			buildRules = (
			);
			dependencies = (
				E9CF122C2AD95E0300004F94 /* PBXTargetDependency */,
			);
			name = "IOS TaskUITests";
			productName = "IOS TaskUITests";
			productReference = E9CF122A2AD95E0300004F94 /* IOS TaskUITests.xctest */;
			productType = "com.apple.product-type.bundle.ui-testing";
		};
/* End PBXNativeTarget section */

/* Begin PBXProject section */
		E9CF12022AD95E0200004F94 /* Project object */ = {
			isa = PBXProject;
			attributes = {
				BuildIndependentTargetsInParallel = 1;
				LastSwiftUpdateCheck = 1430;
				LastUpgradeCheck = 1430;
				TargetAttributes = {
					E9CF12092AD95E0200004F94 = {
						CreatedOnToolsVersion = 14.3.1;
					};
					E9CF121F2AD95E0300004F94 = {
						CreatedOnToolsVersion = 14.3.1;
						TestTargetID = E9CF12092AD95E0200004F94;
					};
					E9CF12292AD95E0300004F94 = {
						CreatedOnToolsVersion = 14.3.1;
						TestTargetID = E9CF12092AD95E0200004F94;
					};
				};
			};
			buildConfigurationList = E9CF12052AD95E0200004F94 /* Build configuration list for PBXProject "IOS Task" */;
			compatibilityVersion = "Xcode 13.0";
			developmentRegion = en;
			hasScannedForEncodings = 0;
			knownRegions = (
				en,
				Base,
			);
			mainGroup = E9CF12012AD95E0200004F94;
			productRefGroup = E9CF120B2AD95E0200004F94 /* Products */;
			projectDirPath = "";
			projectRoot = "";
			targets = (
				E9CF12092AD95E0200004F94 /* IOS Task */,
				E9CF121F2AD95E0300004F94 /* IOS TaskTests */,
				E9CF12292AD95E0300004F94 /* IOS TaskUITests */,
			);
		};
/* End PBXProject section */

/* Begin PBXResourcesBuildPhase section */
		E9CF12082AD95E0200004F94 /* Resources */ = {
			isa = PBXResourcesBuildPhase;
			buildActionMask = 2147483647;
			files = (
				E9CF121A2AD95E0300004F94 /* LaunchScreen.storyboard in Resources */,
				E91E575B2ADACBC900314EA4 /* Urbanist-Regular.ttf in Resources */,
				5DEB36492ADB24E20056CC6C /* CategoryItemCollectionCell.xib in Resources */,
				E9CF12B02AD9677E00004F94 /* Colors.xcassets in Resources */,
				E91E575E2ADACBC900314EA4 /* Urbanist-Medium.ttf in Resources */,
				E9CF12172AD95E0300004F94 /* Assets.xcassets in Resources */,
				E91E575A2ADACBC900314EA4 /* Urbanist-Bold.ttf in Resources */,
				E91E575C2ADACBC900314EA4 /* Urbanist-SemiBold.ttf in Resources */,
				E9CF12152AD95E0200004F94 /* Main.storyboard in Resources */,
				E91E575D2ADACBC900314EA4 /* Urbanist-Light.ttf in Resources */,
				E91E57532ADACA6500314EA4 /* NewsItemTableViewCell.xib in Resources */,
			);
			runOnlyForDeploymentPostprocessing = 0;
		};
		E9CF121E2AD95E0300004F94 /* Resources */ = {
			isa = PBXResourcesBuildPhase;
			buildActionMask = 2147483647;
			files = (
			);
			runOnlyForDeploymentPostprocessing = 0;
		};
		E9CF12282AD95E0300004F94 /* Resources */ = {
			isa = PBXResourcesBuildPhase;
			buildActionMask = 2147483647;
			files = (
			);
			runOnlyForDeploymentPostprocessing = 0;
		};
/* End PBXResourcesBuildPhase section */

/* Begin PBXShellScriptBuildPhase section */
		3F0FEA13EF3BD7BC0B9FA281 /* [CP] Embed Pods Frameworks */ = {
			isa = PBXShellScriptBuildPhase;
			buildActionMask = 2147483647;
			files = (
			);
			inputFileListPaths = (
				"${PODS_ROOT}/Target Support Files/Pods-IOS Task-IOS TaskUITests/Pods-IOS Task-IOS TaskUITests-frameworks-${CONFIGURATION}-input-files.xcfilelist",
			);
			name = "[CP] Embed Pods Frameworks";
			outputFileListPaths = (
				"${PODS_ROOT}/Target Support Files/Pods-IOS Task-IOS TaskUITests/Pods-IOS Task-IOS TaskUITests-frameworks-${CONFIGURATION}-output-files.xcfilelist",
			);
			runOnlyForDeploymentPostprocessing = 0;
			shellPath = /bin/sh;
			shellScript = "\"${PODS_ROOT}/Target Support Files/Pods-IOS Task-IOS TaskUITests/Pods-IOS Task-IOS TaskUITests-frameworks.sh\"\n";
			showEnvVarsInLog = 0;
		};
		447A30547C0C547967EC19D9 /* [CP] Check Pods Manifest.lock */ = {
			isa = PBXShellScriptBuildPhase;
			buildActionMask = 2147483647;
			files = (
			);
			inputFileListPaths = (
			);
			inputPaths = (
				"${PODS_PODFILE_DIR_PATH}/Podfile.lock",
				"${PODS_ROOT}/Manifest.lock",
			);
			name = "[CP] Check Pods Manifest.lock";
			outputFileListPaths = (
			);
			outputPaths = (
				"$(DERIVED_FILE_DIR)/Pods-IOS Task-checkManifestLockResult.txt",
			);
			runOnlyForDeploymentPostprocessing = 0;
			shellPath = /bin/sh;
			shellScript = "diff \"${PODS_PODFILE_DIR_PATH}/Podfile.lock\" \"${PODS_ROOT}/Manifest.lock\" > /dev/null\nif [ $? != 0 ] ; then\n    # print error to STDERR\n    echo \"error: The sandbox is not in sync with the Podfile.lock. Run 'pod install' or update your CocoaPods installation.\" >&2\n    exit 1\nfi\n# This output is used by Xcode 'outputs' to avoid re-running this script phase.\necho \"SUCCESS\" > \"${SCRIPT_OUTPUT_FILE_0}\"\n";
			showEnvVarsInLog = 0;
		};
		7B1914AECB081EE11B29F191 /* [CP] Check Pods Manifest.lock */ = {
			isa = PBXShellScriptBuildPhase;
			buildActionMask = 2147483647;
			files = (
			);
			inputFileListPaths = (
			);
			inputPaths = (
				"${PODS_PODFILE_DIR_PATH}/Podfile.lock",
				"${PODS_ROOT}/Manifest.lock",
			);
			name = "[CP] Check Pods Manifest.lock";
			outputFileListPaths = (
			);
			outputPaths = (
				"$(DERIVED_FILE_DIR)/Pods-IOS Task-IOS TaskUITests-checkManifestLockResult.txt",
			);
			runOnlyForDeploymentPostprocessing = 0;
			shellPath = /bin/sh;
			shellScript = "diff \"${PODS_PODFILE_DIR_PATH}/Podfile.lock\" \"${PODS_ROOT}/Manifest.lock\" > /dev/null\nif [ $? != 0 ] ; then\n    # print error to STDERR\n    echo \"error: The sandbox is not in sync with the Podfile.lock. Run 'pod install' or update your CocoaPods installation.\" >&2\n    exit 1\nfi\n# This output is used by Xcode 'outputs' to avoid re-running this script phase.\necho \"SUCCESS\" > \"${SCRIPT_OUTPUT_FILE_0}\"\n";
			showEnvVarsInLog = 0;
		};
		7F3D31624FE92DD2B09276F1 /* [CP] Check Pods Manifest.lock */ = {
			isa = PBXShellScriptBuildPhase;
			buildActionMask = 2147483647;
			files = (
			);
			inputFileListPaths = (
			);
			inputPaths = (
				"${PODS_PODFILE_DIR_PATH}/Podfile.lock",
				"${PODS_ROOT}/Manifest.lock",
			);
			name = "[CP] Check Pods Manifest.lock";
			outputFileListPaths = (
			);
			outputPaths = (
				"$(DERIVED_FILE_DIR)/Pods-IOS TaskTests-checkManifestLockResult.txt",
			);
			runOnlyForDeploymentPostprocessing = 0;
			shellPath = /bin/sh;
			shellScript = "diff \"${PODS_PODFILE_DIR_PATH}/Podfile.lock\" \"${PODS_ROOT}/Manifest.lock\" > /dev/null\nif [ $? != 0 ] ; then\n    # print error to STDERR\n    echo \"error: The sandbox is not in sync with the Podfile.lock. Run 'pod install' or update your CocoaPods installation.\" >&2\n    exit 1\nfi\n# This output is used by Xcode 'outputs' to avoid re-running this script phase.\necho \"SUCCESS\" > \"${SCRIPT_OUTPUT_FILE_0}\"\n";
			showEnvVarsInLog = 0;
		};
		DABBB2553B98C076F31035F9 /* [CP] Embed Pods Frameworks */ = {
			isa = PBXShellScriptBuildPhase;
			buildActionMask = 2147483647;
			files = (
			);
			inputFileListPaths = (
				"${PODS_ROOT}/Target Support Files/Pods-IOS Task/Pods-IOS Task-frameworks-${CONFIGURATION}-input-files.xcfilelist",
			);
			name = "[CP] Embed Pods Frameworks";
			outputFileListPaths = (
				"${PODS_ROOT}/Target Support Files/Pods-IOS Task/Pods-IOS Task-frameworks-${CONFIGURATION}-output-files.xcfilelist",
			);
			runOnlyForDeploymentPostprocessing = 0;
			shellPath = /bin/sh;
			shellScript = "\"${PODS_ROOT}/Target Support Files/Pods-IOS Task/Pods-IOS Task-frameworks.sh\"\n";
			showEnvVarsInLog = 0;
		};
/* End PBXShellScriptBuildPhase section */

/* Begin PBXSourcesBuildPhase section */
		E9CF12062AD95E0200004F94 /* Sources */ = {
			isa = PBXSourcesBuildPhase;
			buildActionMask = 2147483647;
			files = (
				E9CF12A32AD95F0400004F94 /* NewsAPI.swift in Sources */,
				E9CF12122AD95E0200004F94 /* ViewController.swift in Sources */,
				E9CF12862AD95EFC00004F94 /* SnackView.swift in Sources */,
				E9CF126F2AD95EFC00004F94 /* UIImageView+Extension.swift in Sources */,
				E9CF12A62AD9648400004F94 /* NewsResponse.swift in Sources */,
				3E488EAE2ADC851A00DB5251 /* HomeVc + Extensions.swift in Sources */,
				E9CF12AA2AD9651800004F94 /* HomeViewController.swift in Sources */,
				3E488EB42ADC8B1D00DB5251 /* Data+Extension.swift in Sources */,
				E9CF127A2AD95EFC00004F94 /* UISegmentedControl+Extension.swift in Sources */,
				E9CF120E2AD95E0200004F94 /* AppDelegate.swift in Sources */,
				E9CF12102AD95E0200004F94 /* SceneDelegate.swift in Sources */,
				E9CF12712AD95EFC00004F94 /* UIColor+Extension.swift in Sources */,
				3E488EB62ADC8B4900DB5251 /* UIViewController+Extension.swift in Sources */,
				E9CF129C2AD95F0400004F94 /* WebService.swift in Sources */,
				E9CF12722AD95EFC00004F94 /* Date+Extension.swift in Sources */,
				E9CF12AC2AD9654400004F94 /* DetailsViewController.swift in Sources */,
				5DEB36482ADB24E20056CC6C /* CategoryItemCollectionCell.swift in Sources */,
				E9CF12792AD95EFC00004F94 /* PaddingLabel.swift in Sources */,
				E9CF12AE2AD9658400004F94 /* HomeViewModel.swift in Sources */,
				E9CF12852AD95EFC00004F94 /* Utility.swift in Sources */,
				E9CF12652AD95EFC00004F94 /* Constants.swift in Sources */,
				E91E57522ADACA6500314EA4 /* NewsItemTableViewCell.swift in Sources */,
				E9CF12772AD95EFC00004F94 /* String+Extension.swift in Sources */,
				E9CF12752AD95EFC00004F94 /* URL+Extension.swift in Sources */,
				E9CF12732AD95EFC00004F94 /* UIView+Extension.swift in Sources */,
				E9CF12982AD95F0400004F94 /* EndPoints.swift in Sources */,
				E9CF127F2AD95EFC00004F94 /* UIImageExtension.swift in Sources */,
				E9CF129A2AD95F0400004F94 /* Environment.swift in Sources */,
				E9CF129B2AD95F0400004F94 /* BaseUrl.swift in Sources */,
				E9CF12872AD95EFC00004F94 /* Colors.swift in Sources */,
				E9CF12812AD95EFC00004F94 /* CollectionViewExtension.swift in Sources */,
				E9CF126C2AD95EFC00004F94 /* CircularProgressView.swift in Sources */,
				E9CF126E2AD95EFC00004F94 /* UIApplication+Extension.swift in Sources */,
			);
			runOnlyForDeploymentPostprocessing = 0;
		};
		E9CF121C2AD95E0300004F94 /* Sources */ = {
			isa = PBXSourcesBuildPhase;
			buildActionMask = 2147483647;
			files = (
				E9CF12252AD95E0300004F94 /* IOS_TaskTests.swift in Sources */,
			);
			runOnlyForDeploymentPostprocessing = 0;
		};
		E9CF12262AD95E0300004F94 /* Sources */ = {
			isa = PBXSourcesBuildPhase;
			buildActionMask = 2147483647;
			files = (
				E9CF12312AD95E0300004F94 /* IOS_TaskUITestsLaunchTests.swift in Sources */,
				E9CF122F2AD95E0300004F94 /* IOS_TaskUITests.swift in Sources */,
			);
			runOnlyForDeploymentPostprocessing = 0;
		};
/* End PBXSourcesBuildPhase section */

/* Begin PBXTargetDependency section */
		E9CF12222AD95E0300004F94 /* PBXTargetDependency */ = {
			isa = PBXTargetDependency;
			target = E9CF12092AD95E0200004F94 /* IOS Task */;
			targetProxy = E9CF12212AD95E0300004F94 /* PBXContainerItemProxy */;
		};
		E9CF122C2AD95E0300004F94 /* PBXTargetDependency */ = {
			isa = PBXTargetDependency;
			target = E9CF12092AD95E0200004F94 /* IOS Task */;
			targetProxy = E9CF122B2AD95E0300004F94 /* PBXContainerItemProxy */;
		};
/* End PBXTargetDependency section */

/* Begin PBXVariantGroup section */
		E9CF12132AD95E0200004F94 /* Main.storyboard */ = {
			isa = PBXVariantGroup;
			children = (
				E9CF12142AD95E0200004F94 /* Base */,
			);
			name = Main.storyboard;
			sourceTree = "<group>";
		};
		E9CF12182AD95E0300004F94 /* LaunchScreen.storyboard */ = {
			isa = PBXVariantGroup;
			children = (
				E9CF12192AD95E0300004F94 /* Base */,
			);
			name = LaunchScreen.storyboard;
			sourceTree = "<group>";
		};
/* End PBXVariantGroup section */

/* Begin XCBuildConfiguration section */
		E9CF12322AD95E0300004F94 /* Debug */ = {
			isa = XCBuildConfiguration;
			buildSettings = {
				ALWAYS_SEARCH_USER_PATHS = NO;
				CLANG_ANALYZER_NONNULL = YES;
				CLANG_ANALYZER_NUMBER_OBJECT_CONVERSION = YES_AGGRESSIVE;
				CLANG_CXX_LANGUAGE_STANDARD = "gnu++20";
				CLANG_ENABLE_MODULES = YES;
				CLANG_ENABLE_OBJC_ARC = YES;
				CLANG_ENABLE_OBJC_WEAK = YES;
				CLANG_WARN_BLOCK_CAPTURE_AUTORELEASING = YES;
				CLANG_WARN_BOOL_CONVERSION = YES;
				CLANG_WARN_COMMA = YES;
				CLANG_WARN_CONSTANT_CONVERSION = YES;
				CLANG_WARN_DEPRECATED_OBJC_IMPLEMENTATIONS = YES;
				CLANG_WARN_DIRECT_OBJC_ISA_USAGE = YES_ERROR;
				CLANG_WARN_DOCUMENTATION_COMMENTS = YES;
				CLANG_WARN_EMPTY_BODY = YES;
				CLANG_WARN_ENUM_CONVERSION = YES;
				CLANG_WARN_INFINITE_RECURSION = YES;
				CLANG_WARN_INT_CONVERSION = YES;
				CLANG_WARN_NON_LITERAL_NULL_CONVERSION = YES;
				CLANG_WARN_OBJC_IMPLICIT_RETAIN_SELF = YES;
				CLANG_WARN_OBJC_LITERAL_CONVERSION = YES;
				CLANG_WARN_OBJC_ROOT_CLASS = YES_ERROR;
				CLANG_WARN_QUOTED_INCLUDE_IN_FRAMEWORK_HEADER = YES;
				CLANG_WARN_RANGE_LOOP_ANALYSIS = YES;
				CLANG_WARN_STRICT_PROTOTYPES = YES;
				CLANG_WARN_SUSPICIOUS_MOVE = YES;
				CLANG_WARN_UNGUARDED_AVAILABILITY = YES_AGGRESSIVE;
				CLANG_WARN_UNREACHABLE_CODE = YES;
				CLANG_WARN__DUPLICATE_METHOD_MATCH = YES;
				COPY_PHASE_STRIP = NO;
				DEBUG_INFORMATION_FORMAT = dwarf;
				ENABLE_STRICT_OBJC_MSGSEND = YES;
				ENABLE_TESTABILITY = YES;
				GCC_C_LANGUAGE_STANDARD = gnu11;
				GCC_DYNAMIC_NO_PIC = NO;
				GCC_NO_COMMON_BLOCKS = YES;
				GCC_OPTIMIZATION_LEVEL = 0;
				GCC_PREPROCESSOR_DEFINITIONS = (
					"DEBUG=1",
					"$(inherited)",
				);
				GCC_WARN_64_TO_32_BIT_CONVERSION = YES;
				GCC_WARN_ABOUT_RETURN_TYPE = YES_ERROR;
				GCC_WARN_UNDECLARED_SELECTOR = YES;
				GCC_WARN_UNINITIALIZED_AUTOS = YES_AGGRESSIVE;
				GCC_WARN_UNUSED_FUNCTION = YES;
				GCC_WARN_UNUSED_VARIABLE = YES;
				IPHONEOS_DEPLOYMENT_TARGET = 16.4;
				MTL_ENABLE_DEBUG_INFO = INCLUDE_SOURCE;
				MTL_FAST_MATH = YES;
				ONLY_ACTIVE_ARCH = YES;
				SDKROOT = iphoneos;
				SWIFT_ACTIVE_COMPILATION_CONDITIONS = DEBUG;
				SWIFT_OPTIMIZATION_LEVEL = "-Onone";
			};
			name = Debug;
		};
		E9CF12332AD95E0300004F94 /* Release */ = {
			isa = XCBuildConfiguration;
			buildSettings = {
				ALWAYS_SEARCH_USER_PATHS = NO;
				CLANG_ANALYZER_NONNULL = YES;
				CLANG_ANALYZER_NUMBER_OBJECT_CONVERSION = YES_AGGRESSIVE;
				CLANG_CXX_LANGUAGE_STANDARD = "gnu++20";
				CLANG_ENABLE_MODULES = YES;
				CLANG_ENABLE_OBJC_ARC = YES;
				CLANG_ENABLE_OBJC_WEAK = YES;
				CLANG_WARN_BLOCK_CAPTURE_AUTORELEASING = YES;
				CLANG_WARN_BOOL_CONVERSION = YES;
				CLANG_WARN_COMMA = YES;
				CLANG_WARN_CONSTANT_CONVERSION = YES;
				CLANG_WARN_DEPRECATED_OBJC_IMPLEMENTATIONS = YES;
				CLANG_WARN_DIRECT_OBJC_ISA_USAGE = YES_ERROR;
				CLANG_WARN_DOCUMENTATION_COMMENTS = YES;
				CLANG_WARN_EMPTY_BODY = YES;
				CLANG_WARN_ENUM_CONVERSION = YES;
				CLANG_WARN_INFINITE_RECURSION = YES;
				CLANG_WARN_INT_CONVERSION = YES;
				CLANG_WARN_NON_LITERAL_NULL_CONVERSION = YES;
				CLANG_WARN_OBJC_IMPLICIT_RETAIN_SELF = YES;
				CLANG_WARN_OBJC_LITERAL_CONVERSION = YES;
				CLANG_WARN_OBJC_ROOT_CLASS = YES_ERROR;
				CLANG_WARN_QUOTED_INCLUDE_IN_FRAMEWORK_HEADER = YES;
				CLANG_WARN_RANGE_LOOP_ANALYSIS = YES;
				CLANG_WARN_STRICT_PROTOTYPES = YES;
				CLANG_WARN_SUSPICIOUS_MOVE = YES;
				CLANG_WARN_UNGUARDED_AVAILABILITY = YES_AGGRESSIVE;
				CLANG_WARN_UNREACHABLE_CODE = YES;
				CLANG_WARN__DUPLICATE_METHOD_MATCH = YES;
				COPY_PHASE_STRIP = NO;
				DEBUG_INFORMATION_FORMAT = "dwarf-with-dsym";
				ENABLE_NS_ASSERTIONS = NO;
				ENABLE_STRICT_OBJC_MSGSEND = YES;
				GCC_C_LANGUAGE_STANDARD = gnu11;
				GCC_NO_COMMON_BLOCKS = YES;
				GCC_WARN_64_TO_32_BIT_CONVERSION = YES;
				GCC_WARN_ABOUT_RETURN_TYPE = YES_ERROR;
				GCC_WARN_UNDECLARED_SELECTOR = YES;
				GCC_WARN_UNINITIALIZED_AUTOS = YES_AGGRESSIVE;
				GCC_WARN_UNUSED_FUNCTION = YES;
				GCC_WARN_UNUSED_VARIABLE = YES;
				IPHONEOS_DEPLOYMENT_TARGET = 16.4;
				MTL_ENABLE_DEBUG_INFO = NO;
				MTL_FAST_MATH = YES;
				SDKROOT = iphoneos;
				SWIFT_COMPILATION_MODE = wholemodule;
				SWIFT_OPTIMIZATION_LEVEL = "-O";
				VALIDATE_PRODUCT = YES;
			};
			name = Release;
		};
		E9CF12352AD95E0300004F94 /* Debug */ = {
			isa = XCBuildConfiguration;
			baseConfigurationReference = 25C46CC389AC93FDF4BD906A /* Pods-IOS Task.debug.xcconfig */;
			buildSettings = {
				ASSETCATALOG_COMPILER_APPICON_NAME = AppIcon;
				ASSETCATALOG_COMPILER_GLOBAL_ACCENT_COLOR_NAME = AccentColor;
				CODE_SIGN_IDENTITY = "Apple Development";
				CODE_SIGN_STYLE = Automatic;
				CURRENT_PROJECT_VERSION = 1;
				DEVELOPMENT_TEAM = GST3AB35D8;
				GENERATE_INFOPLIST_FILE = YES;
				INFOPLIST_FILE = "IOS Task/Info.plist";
				INFOPLIST_KEY_UIApplicationSupportsIndirectInputEvents = YES;
				INFOPLIST_KEY_UILaunchStoryboardName = LaunchScreen;
				INFOPLIST_KEY_UIMainStoryboardFile = Main;
				INFOPLIST_KEY_UISupportedInterfaceOrientations_iPad = "UIInterfaceOrientationPortrait UIInterfaceOrientationPortraitUpsideDown UIInterfaceOrientationLandscapeLeft UIInterfaceOrientationLandscapeRight";
				INFOPLIST_KEY_UISupportedInterfaceOrientations_iPhone = "UIInterfaceOrientationPortrait UIInterfaceOrientationLandscapeLeft UIInterfaceOrientationLandscapeRight";
				LD_RUNPATH_SEARCH_PATHS = (
					"$(inherited)",
					"@executable_path/Frameworks",
				);
				MARKETING_VERSION = 1.0;
				PRODUCT_BUNDLE_IDENTIFIER = "com.khaleejtimes.test.IOS-Task";
				PRODUCT_NAME = "$(TARGET_NAME)";
				PROVISIONING_PROFILE_SPECIFIER = "";
				SWIFT_EMIT_LOC_STRINGS = YES;
				SWIFT_VERSION = 5.0;
				TARGETED_DEVICE_FAMILY = "1,2";
			};
			name = Debug;
		};
		E9CF12362AD95E0300004F94 /* Release */ = {
			isa = XCBuildConfiguration;
			baseConfigurationReference = 03A292972383B65873E3FB8E /* Pods-IOS Task.release.xcconfig */;
			buildSettings = {
				ASSETCATALOG_COMPILER_APPICON_NAME = AppIcon;
				ASSETCATALOG_COMPILER_GLOBAL_ACCENT_COLOR_NAME = AccentColor;
				CODE_SIGN_IDENTITY = "Apple Development";
				CODE_SIGN_STYLE = Automatic;
				CURRENT_PROJECT_VERSION = 1;
				DEVELOPMENT_TEAM = GST3AB35D8;
				GENERATE_INFOPLIST_FILE = YES;
				INFOPLIST_FILE = "IOS Task/Info.plist";
				INFOPLIST_KEY_UIApplicationSupportsIndirectInputEvents = YES;
				INFOPLIST_KEY_UILaunchStoryboardName = LaunchScreen;
				INFOPLIST_KEY_UIMainStoryboardFile = Main;
				INFOPLIST_KEY_UISupportedInterfaceOrientations_iPad = "UIInterfaceOrientationPortrait UIInterfaceOrientationPortraitUpsideDown UIInterfaceOrientationLandscapeLeft UIInterfaceOrientationLandscapeRight";
				INFOPLIST_KEY_UISupportedInterfaceOrientations_iPhone = "UIInterfaceOrientationPortrait UIInterfaceOrientationLandscapeLeft UIInterfaceOrientationLandscapeRight";
				LD_RUNPATH_SEARCH_PATHS = (
					"$(inherited)",
					"@executable_path/Frameworks",
				);
				MARKETING_VERSION = 1.0;
				PRODUCT_BUNDLE_IDENTIFIER = "com.khaleejtimes.test.IOS-Task";
				PRODUCT_NAME = "$(TARGET_NAME)";
				PROVISIONING_PROFILE_SPECIFIER = "";
				SWIFT_EMIT_LOC_STRINGS = YES;
				SWIFT_VERSION = 5.0;
				TARGETED_DEVICE_FAMILY = "1,2";
			};
			name = Release;
		};
		E9CF12382AD95E0300004F94 /* Debug */ = {
			isa = XCBuildConfiguration;
			baseConfigurationReference = 0EC7A9277828B061B179A47E /* Pods-IOS TaskTests.debug.xcconfig */;
			buildSettings = {
				ALWAYS_EMBED_SWIFT_STANDARD_LIBRARIES = YES;
				BUNDLE_LOADER = "$(TEST_HOST)";
				CODE_SIGN_STYLE = Automatic;
				CURRENT_PROJECT_VERSION = 1;
				DEVELOPMENT_TEAM = GST3AB35D8;
				GENERATE_INFOPLIST_FILE = YES;
				IPHONEOS_DEPLOYMENT_TARGET = 16.4;
				MARKETING_VERSION = 1.0;
				PRODUCT_BUNDLE_IDENTIFIER = "com.khaleejtimes.test.IOS-TaskTests";
				PRODUCT_NAME = "$(TARGET_NAME)";
				SWIFT_EMIT_LOC_STRINGS = NO;
				SWIFT_VERSION = 5.0;
				TARGETED_DEVICE_FAMILY = "1,2";
				TEST_HOST = "$(BUILT_PRODUCTS_DIR)/IOS Task.app/$(BUNDLE_EXECUTABLE_FOLDER_PATH)/IOS Task";
			};
			name = Debug;
		};
		E9CF12392AD95E0300004F94 /* Release */ = {
			isa = XCBuildConfiguration;
			baseConfigurationReference = 771CBD947AE097E3738F3E62 /* Pods-IOS TaskTests.release.xcconfig */;
			buildSettings = {
				ALWAYS_EMBED_SWIFT_STANDARD_LIBRARIES = YES;
				BUNDLE_LOADER = "$(TEST_HOST)";
				CODE_SIGN_STYLE = Automatic;
				CURRENT_PROJECT_VERSION = 1;
				DEVELOPMENT_TEAM = GST3AB35D8;
				GENERATE_INFOPLIST_FILE = YES;
				IPHONEOS_DEPLOYMENT_TARGET = 16.4;
				MARKETING_VERSION = 1.0;
				PRODUCT_BUNDLE_IDENTIFIER = "com.khaleejtimes.test.IOS-TaskTests";
				PRODUCT_NAME = "$(TARGET_NAME)";
				SWIFT_EMIT_LOC_STRINGS = NO;
				SWIFT_VERSION = 5.0;
				TARGETED_DEVICE_FAMILY = "1,2";
				TEST_HOST = "$(BUILT_PRODUCTS_DIR)/IOS Task.app/$(BUNDLE_EXECUTABLE_FOLDER_PATH)/IOS Task";
			};
			name = Release;
		};
		E9CF123B2AD95E0300004F94 /* Debug */ = {
			isa = XCBuildConfiguration;
			baseConfigurationReference = D017E3CEB3F69D54601293C1 /* Pods-IOS Task-IOS TaskUITests.debug.xcconfig */;
			buildSettings = {
				ALWAYS_EMBED_SWIFT_STANDARD_LIBRARIES = YES;
				CODE_SIGN_STYLE = Automatic;
				CURRENT_PROJECT_VERSION = 1;
				DEVELOPMENT_TEAM = GST3AB35D8;
				GENERATE_INFOPLIST_FILE = YES;
				MARKETING_VERSION = 1.0;
				PRODUCT_BUNDLE_IDENTIFIER = "com.khaleejtimes.test.IOS-TaskUITests";
				PRODUCT_NAME = "$(TARGET_NAME)";
				SWIFT_EMIT_LOC_STRINGS = NO;
				SWIFT_VERSION = 5.0;
				TARGETED_DEVICE_FAMILY = "1,2";
				TEST_TARGET_NAME = "IOS Task";
			};
			name = Debug;
		};
		E9CF123C2AD95E0300004F94 /* Release */ = {
			isa = XCBuildConfiguration;
			baseConfigurationReference = 32A9B807285B328F7F9A87C7 /* Pods-IOS Task-IOS TaskUITests.release.xcconfig */;
			buildSettings = {
				ALWAYS_EMBED_SWIFT_STANDARD_LIBRARIES = YES;
				CODE_SIGN_STYLE = Automatic;
				CURRENT_PROJECT_VERSION = 1;
				DEVELOPMENT_TEAM = GST3AB35D8;
				GENERATE_INFOPLIST_FILE = YES;
				MARKETING_VERSION = 1.0;
				PRODUCT_BUNDLE_IDENTIFIER = "com.khaleejtimes.test.IOS-TaskUITests";
				PRODUCT_NAME = "$(TARGET_NAME)";
				SWIFT_EMIT_LOC_STRINGS = NO;
				SWIFT_VERSION = 5.0;
				TARGETED_DEVICE_FAMILY = "1,2";
				TEST_TARGET_NAME = "IOS Task";
			};
			name = Release;
		};
/* End XCBuildConfiguration section */

/* Begin XCConfigurationList section */
		E9CF12052AD95E0200004F94 /* Build configuration list for PBXProject "IOS Task" */ = {
			isa = XCConfigurationList;
			buildConfigurations = (
				E9CF12322AD95E0300004F94 /* Debug */,
				E9CF12332AD95E0300004F94 /* Release */,
			);
			defaultConfigurationIsVisible = 0;
			defaultConfigurationName = Release;
		};
		E9CF12342AD95E0300004F94 /* Build configuration list for PBXNativeTarget "IOS Task" */ = {
			isa = XCConfigurationList;
			buildConfigurations = (
				E9CF12352AD95E0300004F94 /* Debug */,
				E9CF12362AD95E0300004F94 /* Release */,
			);
			defaultConfigurationIsVisible = 0;
			defaultConfigurationName = Release;
		};
		E9CF12372AD95E0300004F94 /* Build configuration list for PBXNativeTarget "IOS TaskTests" */ = {
			isa = XCConfigurationList;
			buildConfigurations = (
				E9CF12382AD95E0300004F94 /* Debug */,
				E9CF12392AD95E0300004F94 /* Release */,
			);
			defaultConfigurationIsVisible = 0;
			defaultConfigurationName = Release;
		};
		E9CF123A2AD95E0300004F94 /* Build configuration list for PBXNativeTarget "IOS TaskUITests" */ = {
			isa = XCConfigurationList;
			buildConfigurations = (
				E9CF123B2AD95E0300004F94 /* Debug */,
				E9CF123C2AD95E0300004F94 /* Release */,
			);
			defaultConfigurationIsVisible = 0;
			defaultConfigurationName = Release;
		};
/* End XCConfigurationList section */
	};
	rootObject = E9CF12022AD95E0200004F94 /* Project object */;
}
